
Microsoft Visual Studio Solution File, Format Version 12.00
# Visual Studio Version 17
VisualStudioVersion = 17.14.37614.0 d17.14
MinimumVisualStudioVersion = 10.0.40219.1
Project("{8BC9CEB8-8B4A-11D0-8D11-00A0C91BC942}") = "VectorOfStructs", "VectorOfStructs.vcxproj", "{5D1736F8-F6BA-453E-8582-ECFD07ACECEA}"
EndProject
Global
	GlobalSection(SolutionConfigurationPlatforms) = preSolution
		Debug|x64 = Debug|x64
		Debug|x86 = Debug|x86
		Release|x64 = Release|x64
		Release|x86 = Release|x86
	EndGlobalSection
	GlobalSection(ProjectConfigurationPlatforms) = postSolution
		{5D1736F8-F6BA-453E-8582-ECFD07ACECEA}.Debug|x64.ActiveCfg = Debug|x64
		{5D1736F8-F6BA-453E-8582-ECFD07ACECEA}.Debug|x64.Build.0 = Debug|x64
		{5D1736F8-F6BA-453E-8582-ECFD07ACECEA}.Debug|x86.ActiveCfg = Debug|Win32
		{5D1736F8-F6BA-453E-8582-ECFD07ACECEA}.Debug|x86.Build.0 = Debug|Win32
		{5D1736F8-F6BA-453E-8582-ECFD07ACECEA}.Release|x64.ActiveCfg = Release|x64
		{5D1736F8-F6BA-453E-8582-ECFD07ACECEA}.Release|x64.Build.0 = Release|x64
		{5D1736F8-F6BA-453E-8582-ECFD07ACECEA}.Release|x86.ActiveCfg = Release|Win32
		{5D1736F8-F6BA-453E-8582-ECFD07ACECEA}.Release|x86.Build.0 = Release|Win32
	EndGlobalSection
	GlobalSection(SolutionProperties) = preSolution
		HideSolutionNode = FALSE
	EndGlobalSection
	GlobalSection(ExtensibilityGlobals) = postSolution
		SolutionGuid = {F705655F-3E40-4153-899D-D764555CD5D3}
	EndGlobalSection
EndGlobal
